<Solution>
  <Folder Name="/samples/">
    <Project Path="samples/TBankAcquiringNet.MtlsExample/TBankAcquiringNet.MtlsExample.csproj" />
  </Folder>
  <Folder Name="/src/">
    <Project Path="src/TBankNet.Multisplit/TBankNet.Multisplit.csproj" />
  </Folder>
  <Folder Name="/tests/">
    <Project Path="tests/TBankNet.Multisplit.Tests/TBankNet.Multisplit.Tests.csproj" />
  </Folder>
</Solution>
